{
  "version": 4,
  "terraform_version": "1.4.6",
  "serial": 10,
  "lineage": "2baac0fd-7b42-110d-dddf-c4993c27cffe",
  "outputs": {},
  "resources": [
    {
      "mode": "data",
      "type": "azurerm_client_config",
      "name": "current",
      "provider": "provider[\"registry.terraform.io/hashicorp/azurerm\"]",
      "instances": [
        {
          "schema_version": 0,
          "attributes": {
            "client_id": "df6b9f23-5c8c-4557-b2c8-53c307274a52",
            "id": "Y2xpZW50Q29uZmlncy9jbGllbnRJZD1kZjZiOWYyMy01YzhjLTQ1NTctYjJjOC01M2MzMDcyNzRhNTI7b2JqZWN0SWQ9MjBjNWE3MzEtOTQ5OC00MmJhLThiN2UtYzFiNmI1YjQ0OTg1O3N1YnNjcmlwdGlvbklkPWUwYWQzM2I1LWM5MzktNDBlMC05YWYyLTFiMGRlZjE4NWE3MTt0ZW5hbnRJZD0yYTg4YTA2OS0xY2RjLTRmYjgtOTQ4ZS0xM2QzMzBmM2M0NDQ=",
            "object_id": "20c5a731-9498-42ba-8b7e-c1b6b5b44985",
            "subscription_id": "e0ad33b5-c939-40e0-9af2-1b0def185a71",
            "tenant_id": "2a88a069-1cdc-4fb8-948e-13d330f3c444",
            "timeouts": null
          },
          "sensitive_attributes": []
        }
      ]
    },
    {
      "module": "module.cosmosdb_account",
      "mode": "managed",
      "type": "azurerm_cosmosdb_account",
      "name": "db",
      "provider": "provider[\"registry.terraform.io/hashicorp/azurerm\"]",
      "instances": [
        {
          "schema_version": 0,
          "attributes": {
            "access_key_metadata_writes_enabled": true,
            "analytical_storage": [
              {
                "schema_type": "FullFidelity"
              }
            ],
            "analytical_storage_enabled": false,
            "backup": [
              {
                "interval_in_minutes": 240,
                "retention_in_hours": 8,
                "storage_redundancy": "Geo",
                "type": "Periodic"
              }
            ],
            "capabilities": [
              {
                "name": "EnableAggregationPipeline"
              },
              {
                "name": "EnableMongo"
              },
              {
                "name": "MongoDBv3.4"
              },
              {
                "name": "mongoEnableDocLevelTTL"
              }
            ],
            "capacity": [],
            "connection_strings": [
              "mongodb://pushkar-ade-cosmosdb:QnbumKh6j5uPCouoitcVsdEOmL9NsZxce9lNhWPizSzF6ArEFenEjId8xu1H4GHDFLd3RZwFlnRsACDbdcAxWg==@pushkar-ade-cosmosdb.mongo.cosmos.azure.com:10255/?ssl=true\u0026replicaSet=globaldb\u0026retrywrites=false\u0026maxIdleTimeMS=120000\u0026appName=@pushkar-ade-cosmosdb@",
              "mongodb://pushkar-ade-cosmosdb:jsAHXZiO0QhTEc6375di17NtMkoZBh9eJ6AE9NP8lymkAzWRvYIBjJ71ibOhLvPZ8WPW0DaXlsUKACDbAx99bQ==@pushkar-ade-cosmosdb.mongo.cosmos.azure.com:10255/?ssl=true\u0026replicaSet=globaldb\u0026retrywrites=false\u0026maxIdleTimeMS=120000\u0026appName=@pushkar-ade-cosmosdb@",
              "mongodb://pushkar-ade-cosmosdb:Y3PpfuyU8qp4dykpbLe0SjY6gv4nQPGIxbGy4fibrz4quXkATtjzsmy8zPnr2N445POyw8n8S5EXACDbmuWSbw==@pushkar-ade-cosmosdb.mongo.cosmos.azure.com:10255/?ssl=true\u0026replicaSet=globaldb\u0026retrywrites=false\u0026maxIdleTimeMS=120000\u0026appName=@pushkar-ade-cosmosdb@",
              "mongodb://pushkar-ade-cosmosdb:ixf1THen1Fk0F4Tm7NpQOwAaW56k9URhtqdFTUXP3GrFi8zJ2rCEaQKdx0DpYUSlRa2Vv95w08JQACDbyiiGxw==@pushkar-ade-cosmosdb.mongo.cosmos.azure.com:10255/?ssl=true\u0026replicaSet=globaldb\u0026retrywrites=false\u0026maxIdleTimeMS=120000\u0026appName=@pushkar-ade-cosmosdb@"
            ],
            "consistency_policy": [
              {
                "consistency_level": "BoundedStaleness",
                "max_interval_in_seconds": 300,
                "max_staleness_prefix": 100000
              }
            ],
            "cors_rule": [],
            "create_mode": "",
            "default_identity_type": "FirstPartyIdentity",
            "enable_automatic_failover": true,
            "enable_free_tier": false,
            "enable_multiple_write_locations": false,
            "endpoint": "https://pushkar-ade-cosmosdb.documents.azure.com:443/",
            "geo_location": [
              {
                "failover_priority": 0,
                "id": "pushkar-ade-cosmosdb-westus",
                "location": "westus",
                "zone_redundant": false
              },
              {
                "failover_priority": 1,
                "id": "pushkar-ade-cosmosdb-eastus",
                "location": "eastus",
                "zone_redundant": false
              }
            ],
            "id": "/subscriptions/e0ad33b5-c939-40e0-9af2-1b0def185a71/resourceGroups/techslate-ade-rg/providers/Microsoft.DocumentDB/databaseAccounts/pushkar-ade-cosmosdb",
            "identity": [],
            "ip_range_filter": "",
            "is_virtual_network_filter_enabled": false,
            "key_vault_key_id": null,
            "kind": "MongoDB",
            "local_authentication_disabled": false,
            "location": "northeurope",
            "mongo_server_version": "3.6",
            "name": "pushkar-ade-cosmosdb",
            "network_acl_bypass_for_azure_services": false,
            "network_acl_bypass_ids": null,
            "offer_type": "Standard",
            "primary_key": "QnbumKh6j5uPCouoitcVsdEOmL9NsZxce9lNhWPizSzF6ArEFenEjId8xu1H4GHDFLd3RZwFlnRsACDbdcAxWg==",
            "primary_readonly_key": "Y3PpfuyU8qp4dykpbLe0SjY6gv4nQPGIxbGy4fibrz4quXkATtjzsmy8zPnr2N445POyw8n8S5EXACDbmuWSbw==",
            "primary_readonly_sql_connection_string": null,
            "primary_sql_connection_string": null,
            "public_network_access_enabled": true,
            "read_endpoints": [
              "https://pushkar-ade-cosmosdb-westus.documents.azure.com:443/",
              "https://pushkar-ade-cosmosdb-eastus.documents.azure.com:443/"
            ],
            "resource_group_name": "techslate-ade-rg",
            "restore": [],
            "secondary_key": "jsAHXZiO0QhTEc6375di17NtMkoZBh9eJ6AE9NP8lymkAzWRvYIBjJ71ibOhLvPZ8WPW0DaXlsUKACDbAx99bQ==",
            "secondary_readonly_key": "ixf1THen1Fk0F4Tm7NpQOwAaW56k9URhtqdFTUXP3GrFi8zJ2rCEaQKdx0DpYUSlRa2Vv95w08JQACDbyiiGxw==",
            "secondary_readonly_sql_connection_string": null,
            "secondary_sql_connection_string": null,
            "tags": null,
            "timeouts": null,
            "virtual_network_rule": [],
            "write_endpoints": [
              "https://pushkar-ade-cosmosdb-westus.documents.azure.com:443/"
            ]
          },
          "sensitive_attributes": [],
          "private": "eyJlMmJmYjczMC1lY2FhLTExZTYtOGY4OC0zNDM2M2JjN2M0YzAiOnsiY3JlYXRlIjoxMDgwMDAwMDAwMDAwMCwiZGVsZXRlIjoxMDgwMDAwMDAwMDAwMCwicmVhZCI6MzAwMDAwMDAwMDAwLCJ1cGRhdGUiOjEwODAwMDAwMDAwMDAwfX0=",
          "dependencies": [
            "data.azurerm_client_config.current",
            "module.key_vault.azurerm_key_vault.key_vault",
            "module.key_vault.azurerm_key_vault_access_policy.key_vault_access_policy",
            "module.resource_group.azurerm_resource_group.example"
          ]
        }
      ]
    },
    {
      "module": "module.key_vault",
      "mode": "managed",
      "type": "azurerm_key_vault",
      "name": "key_vault",
      "provider": "provider[\"registry.terraform.io/hashicorp/azurerm\"]",
      "instances": [
        {
          "schema_version": 2,
          "attributes": {
            "access_policy": [
              {
                "application_id": "",
                "certificate_permissions": [],
                "key_permissions": [
                  "List"
                ],
                "object_id": "20c5a731-9498-42ba-8b7e-c1b6b5b44985",
                "secret_permissions": [
                  "Get",
                  "List",
                  "Set",
                  "Delete",
                  "Purge"
                ],
                "storage_permissions": [],
                "tenant_id": "2a88a069-1cdc-4fb8-948e-13d330f3c444"
              }
            ],
            "contact": [],
            "enable_rbac_authorization": false,
            "enabled_for_deployment": false,
            "enabled_for_disk_encryption": true,
            "enabled_for_template_deployment": false,
            "id": "/subscriptions/e0ad33b5-c939-40e0-9af2-1b0def185a71/resourceGroups/techslate-ade-rg/providers/Microsoft.KeyVault/vaults/techslate-ade-kv001",
            "location": "northeurope",
            "name": "techslate-ade-kv001",
            "network_acls": [
              {
                "bypass": "AzureServices",
                "default_action": "Allow",
                "ip_rules": [],
                "virtual_network_subnet_ids": []
              }
            ],
            "public_network_access_enabled": true,
            "purge_protection_enabled": false,
            "resource_group_name": "techslate-ade-rg",
            "sku_name": "standard",
            "soft_delete_retention_days": 7,
            "tags": {},
            "tenant_id": "2a88a069-1cdc-4fb8-948e-13d330f3c444",
            "timeouts": null,
            "vault_uri": "https://techslate-ade-kv001.vault.azure.net/"
          },
          "sensitive_attributes": [],
          "private": "eyJlMmJmYjczMC1lY2FhLTExZTYtOGY4OC0zNDM2M2JjN2M0YzAiOnsiY3JlYXRlIjoxODAwMDAwMDAwMDAwLCJkZWxldGUiOjE4MDAwMDAwMDAwMDAsInJlYWQiOjMwMDAwMDAwMDAwMCwidXBkYXRlIjoxODAwMDAwMDAwMDAwfSwic2NoZW1hX3ZlcnNpb24iOiIyIn0=",
          "dependencies": [
            "data.azurerm_client_config.current",
            "module.resource_group.azurerm_resource_group.example"
          ]
        }
      ]
    },
    {
      "module": "module.key_vault",
      "mode": "managed",
      "type": "azurerm_key_vault_access_policy",
      "name": "key_vault_access_policy",
      "provider": "provider[\"registry.terraform.io/hashicorp/azurerm\"]",
      "instances": [
        {
          "schema_version": 0,
          "attributes": {
            "application_id": "",
            "certificate_permissions": [],
            "id": "/subscriptions/e0ad33b5-c939-40e0-9af2-1b0def185a71/resourceGroups/techslate-ade-rg/providers/Microsoft.KeyVault/vaults/techslate-ade-kv001/objectId/20c5a731-9498-42ba-8b7e-c1b6b5b44985",
            "key_permissions": [
              "List"
            ],
            "key_vault_id": "/subscriptions/e0ad33b5-c939-40e0-9af2-1b0def185a71/resourceGroups/techslate-ade-rg/providers/Microsoft.KeyVault/vaults/techslate-ade-kv001",
            "object_id": "20c5a731-9498-42ba-8b7e-c1b6b5b44985",
            "secret_permissions": [
              "Get",
              "List",
              "Set",
              "Delete",
              "Purge"
            ],
            "storage_permissions": [],
            "tenant_id": "2a88a069-1cdc-4fb8-948e-13d330f3c444",
            "timeouts": null
          },
          "sensitive_attributes": [],
          "private": "eyJlMmJmYjczMC1lY2FhLTExZTYtOGY4OC0zNDM2M2JjN2M0YzAiOnsiY3JlYXRlIjoxODAwMDAwMDAwMDAwLCJkZWxldGUiOjE4MDAwMDAwMDAwMDAsInJlYWQiOjMwMDAwMDAwMDAwMCwidXBkYXRlIjoxODAwMDAwMDAwMDAwfX0=",
          "dependencies": [
            "data.azurerm_client_config.current",
            "module.key_vault.azurerm_key_vault.key_vault",
            "module.resource_group.azurerm_resource_group.example"
          ]
        }
      ]
    },
    {
      "module": "module.key_vault_secret",
      "mode": "managed",
      "type": "azurerm_key_vault_secret",
      "name": "key_vault_secret",
      "provider": "provider[\"registry.terraform.io/hashicorp/azurerm\"]",
      "instances": [
        {
          "index_key": "cosmos-db-primary-key",
          "schema_version": 0,
          "attributes": {
            "content_type": "",
            "expiration_date": null,
            "id": "https://techslate-ade-kv001.vault.azure.net/secrets/cosmos-db-primary-key/55c6b4a9f78640ccb3b91fbb285ff4a8",
            "key_vault_id": "/subscriptions/e0ad33b5-c939-40e0-9af2-1b0def185a71/resourceGroups/techslate-ade-rg/providers/Microsoft.KeyVault/vaults/techslate-ade-kv001",
            "name": "cosmos-db-primary-key",
            "not_before_date": null,
            "resource_id": "/subscriptions/e0ad33b5-c939-40e0-9af2-1b0def185a71/resourceGroups/techslate-ade-rg/providers/Microsoft.KeyVault/vaults/techslate-ade-kv001/secrets/cosmos-db-primary-key/versions/55c6b4a9f78640ccb3b91fbb285ff4a8",
            "resource_versionless_id": "/subscriptions/e0ad33b5-c939-40e0-9af2-1b0def185a71/resourceGroups/techslate-ade-rg/providers/Microsoft.KeyVault/vaults/techslate-ade-kv001/secrets/cosmos-db-primary-key",
            "tags": null,
            "timeouts": null,
            "value": "QnbumKh6j5uPCouoitcVsdEOmL9NsZxce9lNhWPizSzF6ArEFenEjId8xu1H4GHDFLd3RZwFlnRsACDbdcAxWg==",
            "version": "55c6b4a9f78640ccb3b91fbb285ff4a8",
            "versionless_id": "https://techslate-ade-kv001.vault.azure.net/secrets/cosmos-db-primary-key"
          },
          "sensitive_attributes": [
            [
              {
                "type": "get_attr",
                "value": "value"
              }
            ]
          ],
          "private": "eyJlMmJmYjczMC1lY2FhLTExZTYtOGY4OC0zNDM2M2JjN2M0YzAiOnsiY3JlYXRlIjoxODAwMDAwMDAwMDAwLCJkZWxldGUiOjE4MDAwMDAwMDAwMDAsInJlYWQiOjE4MDAwMDAwMDAwMDAsInVwZGF0ZSI6MTgwMDAwMDAwMDAwMH19",
          "dependencies": [
            "data.azurerm_client_config.current",
            "module.cosmosdb_account.azurerm_cosmosdb_account.db",
            "module.key_vault.azurerm_key_vault.key_vault",
            "module.key_vault.azurerm_key_vault_access_policy.key_vault_access_policy",
            "module.resource_group.azurerm_resource_group.example"
          ]
        },
        {
          "index_key": "cosmos-db-secondary-key",
          "schema_version": 0,
          "attributes": {
            "content_type": "",
            "expiration_date": null,
            "id": "https://techslate-ade-kv001.vault.azure.net/secrets/cosmos-db-secondary-key/2b636d99e95b4753af6fa594654be348",
            "key_vault_id": "/subscriptions/e0ad33b5-c939-40e0-9af2-1b0def185a71/resourceGroups/techslate-ade-rg/providers/Microsoft.KeyVault/vaults/techslate-ade-kv001",
            "name": "cosmos-db-secondary-key",
            "not_before_date": null,
            "resource_id": "/subscriptions/e0ad33b5-c939-40e0-9af2-1b0def185a71/resourceGroups/techslate-ade-rg/providers/Microsoft.KeyVault/vaults/techslate-ade-kv001/secrets/cosmos-db-secondary-key/versions/2b636d99e95b4753af6fa594654be348",
            "resource_versionless_id": "/subscriptions/e0ad33b5-c939-40e0-9af2-1b0def185a71/resourceGroups/techslate-ade-rg/providers/Microsoft.KeyVault/vaults/techslate-ade-kv001/secrets/cosmos-db-secondary-key",
            "tags": null,
            "timeouts": null,
            "value": "jsAHXZiO0QhTEc6375di17NtMkoZBh9eJ6AE9NP8lymkAzWRvYIBjJ71ibOhLvPZ8WPW0DaXlsUKACDbAx99bQ==",
            "version": "2b636d99e95b4753af6fa594654be348",
            "versionless_id": "https://techslate-ade-kv001.vault.azure.net/secrets/cosmos-db-secondary-key"
          },
          "sensitive_attributes": [
            [
              {
                "type": "get_attr",
                "value": "value"
              }
            ]
          ],
          "private": "eyJlMmJmYjczMC1lY2FhLTExZTYtOGY4OC0zNDM2M2JjN2M0YzAiOnsiY3JlYXRlIjoxODAwMDAwMDAwMDAwLCJkZWxldGUiOjE4MDAwMDAwMDAwMDAsInJlYWQiOjE4MDAwMDAwMDAwMDAsInVwZGF0ZSI6MTgwMDAwMDAwMDAwMH19",
          "dependencies": [
            "data.azurerm_client_config.current",
            "module.cosmosdb_account.azurerm_cosmosdb_account.db",
            "module.key_vault.azurerm_key_vault.key_vault",
            "module.key_vault.azurerm_key_vault_access_policy.key_vault_access_policy",
            "module.resource_group.azurerm_resource_group.example"
          ]
        }
      ]
    },
    {
      "module": "module.key_vault_secret",
      "mode": "managed",
      "type": "random_password",
      "name": "random_password",
      "provider": "provider[\"registry.terraform.io/hashicorp/random\"]",
      "instances": [
        {
          "schema_version": 3,
          "attributes": {
            "bcrypt_hash": "$2a$10$ZZm3szcRpfnG3uVgHMKKf.7cReKr.SPy4DTCfOtQESK.zGAlSWghO",
            "id": "none",
            "keepers": null,
            "length": 20,
            "lower": true,
            "min_lower": 0,
            "min_numeric": 0,
            "min_special": 0,
            "min_upper": 0,
            "number": true,
            "numeric": true,
            "override_special": null,
            "result": "8LlXca{oV*RCP=(:lJT3",
            "special": true,
            "upper": true
          },
          "sensitive_attributes": [],
          "dependencies": [
            "data.azurerm_client_config.current",
            "module.cosmosdb_account.azurerm_cosmosdb_account.db",
            "module.key_vault.azurerm_key_vault.key_vault",
            "module.key_vault.azurerm_key_vault_access_policy.key_vault_access_policy",
            "module.resource_group.azurerm_resource_group.example"
          ]
        }
      ]
    },
    {
      "module": "module.resource_group",
      "mode": "managed",
      "type": "azurerm_resource_group",
      "name": "example",
      "provider": "provider[\"registry.terraform.io/hashicorp/azurerm\"]",
      "instances": [
        {
          "schema_version": 0,
          "attributes": {
            "id": "/subscriptions/e0ad33b5-c939-40e0-9af2-1b0def185a71/resourceGroups/techslate-ade-rg",
            "location": "northeurope",
            "name": "techslate-ade-rg",
            "tags": {
              "cost": "163",
              "dept": "finance",
              "env": "dev",
              "source": "terraform"
            },
            "timeouts": null
          },
          "sensitive_attributes": [],
          "private": "eyJlMmJmYjczMC1lY2FhLTExZTYtOGY4OC0zNDM2M2JjN2M0YzAiOnsiY3JlYXRlIjo1NDAwMDAwMDAwMDAwLCJkZWxldGUiOjU0MDAwMDAwMDAwMDAsInJlYWQiOjMwMDAwMDAwMDAwMCwidXBkYXRlIjo1NDAwMDAwMDAwMDAwfX0="
        }
      ]
    }
  ],
  "check_results": null
}
